<?xml version="1.0" encoding="utf-8"?>
<Project ToolsVersion="4.0" xmlns="http://schemas.microsoft.com/developer/msbuild/2003">
  <ItemGroup>
    <Filter Include="Header Files">
      <UniqueIdentifier>{93995380-89BD-4b04-88EB-625FBE52EBFB}</UniqueIdentifier>
      <Extensions>h;hpp;hxx;hm;inl;inc;xsd</Extensions>
    </Filter>
    <Filter Include="Resource Files">
      <UniqueIdentifier>{67DA6AB6-F800-4c08-8B7A-83BB121AAD01}</UniqueIdentifier>
      <Extensions>rc;ico;cur;bmp;dlg;rc2;rct;bin;rgs;gif;jpg;jpeg;jpe;resx</Extensions>
    </Filter>
    <Filter Include="Source Files">
      <UniqueIdentifier>{4FC737F1-C7A5-4376-A066-2A32D752A2FF}</UniqueIdentifier>
      <Extensions>cpp;c;cc;cxx;def;odl;idl;hpj;bat;asm;asmx</Extensions>
    </Filter>
  </ItemGroup>
  <ItemGroup>
    <ClInclude Include="RenderApp\Shader\AmbientOcclusionShader.h">
      <Filter>Header Files</Filter>
    </ClInclude>
    <ClInclude Include="util\Array1D.h">
      <Filter>Header Files</Filter>
    </ClInclude>
    <ClInclude Include="util\Array2D.h">
      <Filter>Header Files</Filter>
    </ClInclude>
    <ClInclude Include="util\Array3D.h">
      <Filter>Header Files</Filter>
    </ClInclude>
    <ClInclude Include="util\Array4D.h">
      <Filter>Header Files</Filter>
    </ClInclude>
    <ClInclude Include="Math\BBH.h">
      <Filter>Header Files</Filter>
    </ClInclude>
    <ClInclude Include="RenderApp\Geometry\BBox.h">
      <Filter>Header Files</Filter>
    </ClInclude>
    <ClInclude Include="RenderApp\Geometry\BicubicPatch.h">
      <Filter>Header Files</Filter>
    </ClInclude>
    <ClInclude Include="math\Box.h">
      <Filter>Header Files</Filter>
    </ClInclude>
    <ClInclude Include="SamplingApp\Warping\BrushedMetalWarping.h">
      <Filter>Header Files</Filter>
    </ClInclude>
    <ClInclude Include="RenderApp\Shader\BrushedShader.h">
      <Filter>Header Files</Filter>
    </ClInclude>
    <ClInclude Include="RenderApp\Scene\Camera.h">
      <Filter>Header Files</Filter>
    </ClInclude>
    <ClInclude Include="RenderApp\Geometry\Texture\CheckerboardTexture.h">
      <Filter>Header Files</Filter>
    </ClInclude>
    <ClInclude Include="math\Color.h">
      <Filter>Header Files</Filter>
    </ClInclude>
    <ClInclude Include="platform\config.h">
      <Filter>Header Files</Filter>
    </ClInclude>
    <ClInclude Include="RenderApp\Geometry\Texture\ConstantTexture.h">
      <Filter>Header Files</Filter>
    </ClInclude>
    <ClInclude Include="ogl\Core.h">
      <Filter>Header Files</Filter>
    </ClInclude>
    <ClInclude Include="math\Core.h">
      <Filter>Header Files</Filter>
    </ClInclude>
    <ClInclude Include="SamplingApp\Warping\CosineHemisphereWarping.h">
      <Filter>Header Files</Filter>
    </ClInclude>
    <ClInclude Include="RenderApp\Geometry\Displacement\Displacement.h">
      <Filter>Header Files</Filter>
    </ClInclude>
    <ClInclude Include="RenderApp\Scene\DOFCamera.h">
      <Filter>Header Files</Filter>
    </ClInclude>
    <ClInclude Include="RenderApp\Scene\EnvironmentMap.h">
      <Filter>Header Files</Filter>
    </ClInclude>
    <ClInclude Include="math\FastMath.h">
      <Filter>Header Files</Filter>
    </ClInclude>
    <ClInclude Include="ogl\FBO.h">
      <Filter>Header Files</Filter>
    </ClInclude>
    <ClInclude Include="dependencies\windows\include\gl\freeglut.h">
      <Filter>Header Files</Filter>
    </ClInclude>
    <ClInclude Include="dependencies\windows\include\gl\freeglut_ext.h">
      <Filter>Header Files</Filter>
    </ClInclude>
    <ClInclude Include="dependencies\windows\include\gl\freeglut_std.h">
      <Filter>Header Files</Filter>
    </ClInclude>
    <ClInclude Include="platform\Fwd.h">
      <Filter>Header Files</Filter>
    </ClInclude>
    <ClInclude Include="util\Fwd.h">
      <Filter>Header Files</Filter>
    </ClInclude>
    <ClInclude Include="img\Fwd.h">
      <Filter>Header Files</Filter>
    </ClInclude>
    <ClInclude Include="math\Fwd.h">
      <Filter>Header Files</Filter>
    </ClInclude>
    <ClInclude Include="img\GammaTable.h">
      <Filter>Header Files</Filter>
    </ClInclude>
    <ClInclude Include="ogl\GfxGLUTWindow.h">
      <Filter>Header Files</Filter>
    </ClInclude>
    <ClInclude Include="dependencies\windows\include\gl\glew.h">
      <Filter>Header Files</Filter>
    </ClInclude>
    <ClInclude Include="dependencies\windows\include\gl\glut.h">
      <Filter>Header Files</Filter>
    </ClInclude>
    <ClInclude Include="ogl\GLUTMaster.h">
      <Filter>Header Files</Filter>
    </ClInclude>
    <ClInclude Include="ogl\GLUTWindow.h">
      <Filter>Header Files</Filter>
    </ClInclude>
    <ClInclude Include="dependencies\windows\include\gl\glxew.h">
      <Filter>Header Files</Filter>
    </ClInclude>
    <ClInclude Include="RenderApp\Scene\HitInfo.h">
      <Filter>Header Files</Filter>
    </ClInclude>
    <ClInclude Include="img\ImageIO.h">
      <Filter>Header Files</Filter>
    </ClInclude>
    <ClInclude Include="RenderApp\Geometry\Texture\ImageTexture.h">
      <Filter>Header Files</Filter>
    </ClInclude>
    <ClInclude Include="SamplingApp\Sampler\JitterSampler.h">
      <Filter>Header Files</Filter>
    </ClInclude>
    <ClInclude Include="RenderApp\Shader\LambertShader.h">
      <Filter>Header Files</Filter>
    </ClInclude>
    <ClInclude Include="RenderApp\Scene\Light.h">
      <Filter>Header Files</Filter>
    </ClInclude>
    <ClInclude Include="RenderApp\Scene\LightRay.h">
      <Filter>Header Files</Filter>
    </ClInclude>
    <ClInclude Include="RenderApp\Shader\LightShader.h">
      <Filter>Header Files</Filter>
    </ClInclude>
    <ClInclude Include="math\LimitsT.h">
      <Filter>Header Files</Filter>
    </ClInclude>
    <ClInclude Include="math\Line.h">
      <Filter>Header Files</Filter>
    </ClInclude>
    <ClInclude Include="Math\LineAlgo.h">
      <Filter>Header Files</Filter>
    </ClInclude>
    <ClInclude Include="math\Mat44.h">
      <Filter>Header Files</Filter>
    </ClInclude>
    <ClInclude Include="math\MathGL.h">
      <Filter>Header Files</Filter>
    </ClInclude>
    <ClInclude Include="math\MathT.h">
      <Filter>Header Files</Filter>
    </ClInclude>
    <ClInclude Include="RenderApp\Geometry\Mesh.h">
      <Filter>Header Files</Filter>
    </ClInclude>
    <ClInclude Include="Math\MeshBase.h">
      <Filter>Header Files</Filter>
    </ClInclude>
    <ClInclude Include="MeshViewer\MeshViewer.h">
      <Filter>Header Files</Filter>
    </ClInclude>
    <ClInclude Include="RenderApp\Geometry\MicroGrid.h">
      <Filter>Header Files</Filter>
    </ClInclude>
    <ClInclude Include="RenderApp\Geometry\MicroPolygon.h">
      <Filter>Header Files</Filter>
    </ClInclude>
    <ClInclude Include="RenderApp\Shader\MirrorShader.h">
      <Filter>Header Files</Filter>
    </ClInclude>
    <ClInclude Include="RenderApp\Geometry\Motion.h">
      <Filter>Header Files</Filter>
    </ClInclude>
    <ClInclude Include="RenderApp\Renderer\MultipleRayTracingRenderer.h">
      <Filter>Header Files</Filter>
    </ClInclude>
    <ClInclude Include="RenderApp\Geometry\Displacement\MultipliedSineDisplacement.h">
      <Filter>Header Files</Filter>
    </ClInclude>
    <ClInclude Include="RenderApp\Geometry\Displacement\NoDisplacement.h">
      <Filter>Header Files</Filter>
    </ClInclude>
    <ClInclude Include="Math\Obj.h">
      <Filter>Header Files</Filter>
    </ClInclude>
    <ClInclude Include="RenderApp\Renderer\OpenGLRenderer.h">
      <Filter>Header Files</Filter>
    </ClInclude>
    <ClInclude Include="RenderApp\Shader\PathTracingShader.h">
      <Filter>Header Files</Filter>
    </ClInclude>
    <ClInclude Include="SamplingApp\Warping\PhongHemisphereWarping.h">
      <Filter>Header Files</Filter>
    </ClInclude>
    <ClInclude Include="RenderApp\Shader\PhongLobeShader.h">
      <Filter>Header Files</Filter>
    </ClInclude>
    <ClInclude Include="RenderApp\Shader\PhongShader.h">
      <Filter>Header Files</Filter>
    </ClInclude>
    <ClInclude Include="RenderApp\Scene\photonmap.h">
      <Filter>Header Files</Filter>
    </ClInclude>
    <ClInclude Include="RenderApp\Renderer\PhotonScatterer.h">
      <Filter>Header Files</Filter>
    </ClInclude>
    <ClInclude Include="RenderApp\Scene\PointLight.h">
      <Filter>Header Files</Filter>
    </ClInclude>
    <ClInclude Include="ogl\Primitive.h">
      <Filter>Header Files</Filter>
    </ClInclude>
    <ClInclude Include="RenderApp\Geometry\Proc.h">
      <Filter>Header Files</Filter>
    </ClInclude>
    <ClInclude Include="platform\Progress.h">
      <Filter>Header Files</Filter>
    </ClInclude>
    <ClInclude Include="RenderApp\Geometry\Rain.h">
      <Filter>Header Files</Filter>
    </ClInclude>
    <ClInclude Include="Math\Rand.h">
      <Filter>Header Files</Filter>
    </ClInclude>
    <ClInclude Include="SamplingApp\Sampler\RandomSampler.h">
      <Filter>Header Files</Filter>
    </ClInclude>
    <ClInclude Include="RenderApp\Renderer\RasterizationRenderer.h">
      <Filter>Header Files</Filter>
    </ClInclude>
    <ClInclude Include="RenderApp\Scene\Ray.h">
      <Filter>Header Files</Filter>
    </ClInclude>
    <ClInclude Include="RenderApp\Renderer\RayTracingRenderer.h">
      <Filter>Header Files</Filter>
    </ClInclude>
    <ClInclude Include="RenderApp\Scene\RectangularLight.h">
      <Filter>Header Files</Filter>
    </ClInclude>
    <ClInclude Include="RenderApp\Shader\RecursiveShader.h">
      <Filter>Header Files</Filter>
    </ClInclude>
    <ClInclude Include="RenderApp\Shader\RefractionShader.h">
      <Filter>Header Files</Filter>
    </ClInclude>
    <ClInclude Include="RenderApp\Renderer\Renderer.h">
      <Filter>Header Files</Filter>
    </ClInclude>
    <ClInclude Include="RenderApp\RendererApp.h">
      <Filter>Header Files</Filter>
    </ClInclude>
    <ClInclude Include="RenderApp\Renderer\ReyesRenderer.h">
      <Filter>Header Files</Filter>
    </ClInclude>
    <ClInclude Include="RenderApp\Renderer\ReyesTracingRenderer.h">
      <Filter>Header Files</Filter>
    </ClInclude>
    <ClInclude Include="math\RGBE.h">
      <Filter>Header Files</Filter>
    </ClInclude>
    <ClInclude Include="SamplingApp\Sampler\Sampler.h">
      <Filter>Header Files</Filter>
    </ClInclude>
    <ClInclude Include="RenderApp\Scene\Scene.h">
      <Filter>Header Files</Filter>
    </ClInclude>
    <ClInclude Include="RenderApp\Shader\Shader.h">
      <Filter>Header Files</Filter>
    </ClInclude>
    <ClInclude Include="RenderApp\Geometry\Shape.h">
      <Filter>Header Files</Filter>
    </ClInclude>
    <ClInclude Include="RenderApp\Geometry\Displacement\ShiftedSineDisplacement.h">
      <Filter>Header Files</Filter>
    </ClInclude>
    <ClInclude Include="RenderApp\Scene\ShutterCamera.h">
      <Filter>Header Files</Filter>
    </ClInclude>
    <ClInclude Include="RenderApp\Geometry\Displacement\SineDisplacement.h">
      <Filter>Header Files</Filter>
    </ClInclude>
    <ClInclude Include="RenderApp\Geometry\Sphere.h">
      <Filter>Header Files</Filter>
    </ClInclude>
    <ClInclude Include="RenderApp\Scene\SphereCapLight.h">
      <Filter>Header Files</Filter>
    </ClInclude>
    <ClInclude Include="RenderApp\Scene\SphereLight.h">
      <Filter>Header Files</Filter>
    </ClInclude>
    <ClInclude Include="Math\stdint.h">
      <Filter>Header Files</Filter>
    </ClInclude>
    <ClInclude Include="platform\Stopwatch.h">
      <Filter>Header Files</Filter>
    </ClInclude>
    <ClInclude Include="ogl\Text.h">
      <Filter>Header Files</Filter>
    </ClInclude>
    <ClInclude Include="RenderApp\Geometry\Texture\Texture.h">
      <Filter>Header Files</Filter>
    </ClInclude>
    <ClInclude Include="platform\Timestamp.h">
      <Filter>Header Files</Filter>
    </ClInclude>
    <ClInclude Include="RenderApp\Geometry\TranslatedMotion.h">
      <Filter>Header Files</Filter>
    </ClInclude>
    <ClInclude Include="platform\Types.h">
      <Filter>Header Files</Filter>
    </ClInclude>
    <ClInclude Include="SamplingApp\Warping\UniformCylinderWarping.h">
      <Filter>Header Files</Filter>
    </ClInclude>
    <ClInclude Include="SamplingApp\Warping\UniformDiskWarping.h">
      <Filter>Header Files</Filter>
    </ClInclude>
    <ClInclude Include="SamplingApp\Warping\UniformHemisphereWarping.h">
      <Filter>Header Files</Filter>
    </ClInclude>
    <ClInclude Include="SamplingApp\Sampler\UniformSampler.h">
      <Filter>Header Files</Filter>
    </ClInclude>
    <ClInclude Include="SamplingApp\Warping\UniformSphereCapWarping.h">
      <Filter>Header Files</Filter>
    </ClInclude>
    <ClInclude Include="RenderApp\Scene\UniformSphereLight.h">
      <Filter>Header Files</Filter>
    </ClInclude>
    <ClInclude Include="SamplingApp\Warping\UniformSphereWarping.h">
      <Filter>Header Files</Filter>
    </ClInclude>
    <ClInclude Include="SamplingApp\Warping\UniformSquareWarping.h">
      <Filter>Header Files</Filter>
    </ClInclude>
    <ClInclude Include="math\Vec2.h">
      <Filter>Header Files</Filter>
    </ClInclude>
    <ClInclude Include="math\Vec3.h">
      <Filter>Header Files</Filter>
    </ClInclude>
    <ClInclude Include="math\Vec4.h">
      <Filter>Header Files</Filter>
    </ClInclude>
    <ClInclude Include="Math\Warp.h">
      <Filter>Header Files</Filter>
    </ClInclude>
    <ClInclude Include="SamplingApp\Warping\Warping.h">
      <Filter>Header Files</Filter>
    </ClInclude>
    <ClInclude Include="dependencies\windows\include\gl\wglew.h">
      <Filter>Header Files</Filter>
    </ClInclude>
  </ItemGroup>
  <ItemGroup>
    <ClCompile Include="RenderApp\Shader\AmbientOcclusionShader.cpp">
      <Filter>Source Files</Filter>
    </ClCompile>
    <ClCompile Include="Math\BBH.cpp">
      <Filter>Source Files</Filter>
    </ClCompile>
    <ClCompile Include="RenderApp\Geometry\BBox.cpp">
      <Filter>Source Files</Filter>
    </ClCompile>
    <ClCompile Include="RenderApp\Geometry\BicubicPatch.cpp">
      <Filter>Source Files</Filter>
    </ClCompile>
    <ClCompile Include="SamplingApp\Warping\BrushedMetalWarping.cpp">
      <Filter>Source Files</Filter>
    </ClCompile>
    <ClCompile Include="RenderApp\Shader\BrushedShader.cpp">
      <Filter>Source Files</Filter>
    </ClCompile>
    <ClCompile Include="RenderApp\Scene\Camera.cpp">
      <Filter>Source Files</Filter>
    </ClCompile>
    <ClCompile Include="RenderApp\Geometry\Texture\CheckerboardTexture.cpp">
      <Filter>Source Files</Filter>
    </ClCompile>
    <ClCompile Include="math\Color.cpp">
      <Filter>Source Files</Filter>
    </ClCompile>
    <ClCompile Include="RenderApp\Geometry\Texture\ConstantTexture.cpp">
      <Filter>Source Files</Filter>
    </ClCompile>
    <ClCompile Include="SamplingApp\Warping\CosineHemisphereWarping.cpp">
      <Filter>Source Files</Filter>
    </ClCompile>
    <ClCompile Include="RenderApp\Geometry\Displacement\Displacement.cpp">
      <Filter>Source Files</Filter>
    </ClCompile>
    <ClCompile Include="RenderApp\Scene\DOFCamera.cpp">
      <Filter>Source Files</Filter>
    </ClCompile>
    <ClCompile Include="RenderApp\Scene\EnvironmentMap.cpp">
      <Filter>Source Files</Filter>
    </ClCompile>
    <ClCompile Include="ogl\FBO.cpp">
      <Filter>Source Files</Filter>
    </ClCompile>
    <ClCompile Include="ogl\GfxGLUTWindow.cpp">
      <Filter>Source Files</Filter>
    </ClCompile>
    <ClCompile Include="ogl\GLUTMaster.cpp">
      <Filter>Source Files</Filter>
    </ClCompile>
    <ClCompile Include="ogl\GLUTWindow.cpp">
      <Filter>Source Files</Filter>
    </ClCompile>
    <ClCompile Include="img\HDRIO.cpp">
      <Filter>Source Files</Filter>
    </ClCompile>
    <ClCompile Include="RenderApp\Scene\HitInfo.cpp">
      <Filter>Source Files</Filter>
    </ClCompile>
    <ClCompile Include="img\ImageIO.cpp">
      <Filter>Source Files</Filter>
    </ClCompile>
    <ClCompile Include="RenderApp\Geometry\Texture\ImageTexture.cpp">
      <Filter>Source Files</Filter>
    </ClCompile>
    <ClCompile Include="SamplingApp\Sampler\JitterSampler.cpp">
      <Filter>Source Files</Filter>
    </ClCompile>
    <ClCompile Include="RenderApp\Shader\LambertShader.cpp">
      <Filter>Source Files</Filter>
    </ClCompile>
    <ClCompile Include="RenderApp\Shader\LightShader.cpp">
      <Filter>Source Files</Filter>
    </ClCompile>
    <ClCompile Include="RenderApp\Geometry\Mesh.cpp">
      <Filter>Source Files</Filter>
    </ClCompile>
    <ClCompile Include="Math\MeshBase.cpp">
      <Filter>Source Files</Filter>
    </ClCompile>
    <ClCompile Include="MeshViewer\MeshViewer.cpp">
      <Filter>Source Files</Filter>
    </ClCompile>
    <ClCompile Include="RenderApp\Geometry\MicroGrid.cpp">
      <Filter>Source Files</Filter>
    </ClCompile>
    <ClCompile Include="RenderApp\Geometry\MicroPolygon.cpp">
      <Filter>Source Files</Filter>
    </ClCompile>
    <ClCompile Include="RenderApp\Shader\MirrorShader.cpp">
      <Filter>Source Files</Filter>
    </ClCompile>
    <ClCompile Include="RenderApp\Geometry\Motion.cpp">
      <Filter>Source Files</Filter>
    </ClCompile>
    <ClCompile Include="RenderApp\Renderer\MultipleRayTracingRenderer.cpp">
      <Filter>Source Files</Filter>
    </ClCompile>
    <ClCompile Include="RenderApp\Geometry\Displacement\MultipliedSineDisplacement.cpp">
      <Filter>Source Files</Filter>
    </ClCompile>
    <ClCompile Include="RenderApp\Geometry\Displacement\NoDisplacement.cpp">
      <Filter>Source Files</Filter>
    </ClCompile>
    <ClCompile Include="Math\Obj.cpp">
      <Filter>Source Files</Filter>
    </ClCompile>
    <ClCompile Include="RenderApp\Renderer\OpenGLRenderer.cpp">
      <Filter>Source Files</Filter>
    </ClCompile>
    <ClCompile Include="RenderApp\Shader\PathTracingShader.cpp">
      <Filter>Source Files</Filter>
    </ClCompile>
    <ClCompile Include="img\PFMIO.cpp">
      <Filter>Source Files</Filter>
    </ClCompile>
    <ClCompile Include="SamplingApp\Warping\PhongHemisphereWarping.cpp">
      <Filter>Source Files</Filter>
    </ClCompile>
    <ClCompile Include="RenderApp\Shader\PhongLobeShader.cpp">
      <Filter>Source Files</Filter>
    </ClCompile>
    <ClCompile Include="RenderApp\Shader\PhongShader.cpp">
      <Filter>Source Files</Filter>
    </ClCompile>
    <ClCompile Include="RenderApp\Scene\photonmap.cc">
      <Filter>Source Files</Filter>
    </ClCompile>
    <ClCompile Include="RenderApp\Renderer\PhotonScatterer.cpp">
      <Filter>Source Files</Filter>
    </ClCompile>
    <ClCompile Include="RenderApp\Scene\PointLight.cpp">
      <Filter>Source Files</Filter>
    </ClCompile>
    <ClCompile Include="img\PPMIO.cpp">
      <Filter>Source Files</Filter>
    </ClCompile>
    <ClCompile Include="ogl\Primitive.cpp">
      <Filter>Source Files</Filter>
    </ClCompile>
    <ClCompile Include="platform\Progress.cpp">
      <Filter>Source Files</Filter>
    </ClCompile>
    <ClCompile Include="RenderApp\Geometry\Rain.cpp">
      <Filter>Source Files</Filter>
    </ClCompile>
    <ClCompile Include="SamplingApp\Sampler\RandomSampler.cpp">
      <Filter>Source Files</Filter>
    </ClCompile>
    <ClCompile Include="RenderApp\Renderer\RasterizationRenderer.cpp">
      <Filter>Source Files</Filter>
    </ClCompile>
    <ClCompile Include="RenderApp\Scene\Ray.cpp">
      <Filter>Source Files</Filter>
    </ClCompile>
    <ClCompile Include="RenderApp\Renderer\RayTracingRenderer.cpp">
      <Filter>Source Files</Filter>
    </ClCompile>
    <ClCompile Include="RenderApp\Scene\RectangularLight.cpp">
      <Filter>Source Files</Filter>
    </ClCompile>
    <ClCompile Include="RenderApp\Shader\RefractionShader.cpp">
      <Filter>Source Files</Filter>
    </ClCompile>
    <ClCompile Include="RenderApp\RendererApp.cpp">
      <Filter>Source Files</Filter>
    </ClCompile>
    <ClCompile Include="RenderApp\Renderer\ReyesRenderer.cpp">
      <Filter>Source Files</Filter>
    </ClCompile>
    <ClCompile Include="RenderApp\Renderer\ReyesTracingRenderer.cpp">
      <Filter>Source Files</Filter>
    </ClCompile>
    <ClCompile Include="math\RGBE.cpp">
      <Filter>Source Files</Filter>
    </ClCompile>
    <ClCompile Include="RenderApp\Scene\Scene.cpp">
      <Filter>Source Files</Filter>
    </ClCompile>
    <ClCompile Include="RenderApp\Shader\Shader.cpp">
      <Filter>Source Files</Filter>
    </ClCompile>
    <ClCompile Include="RenderApp\Geometry\Shape.cpp">
      <Filter>Source Files</Filter>
    </ClCompile>
    <ClCompile Include="RenderApp\Geometry\Displacement\ShiftedSineDisplacement.cpp">
      <Filter>Source Files</Filter>
    </ClCompile>
    <ClCompile Include="RenderApp\Scene\ShutterCamera.cpp">
      <Filter>Source Files</Filter>
    </ClCompile>
    <ClCompile Include="RenderApp\Geometry\Displacement\SineDisplacement.cpp">
      <Filter>Source Files</Filter>
    </ClCompile>
    <ClCompile Include="RenderApp\Geometry\Sphere.cpp">
      <Filter>Source Files</Filter>
    </ClCompile>
    <ClCompile Include="RenderApp\Scene\SphereCapLight.cpp">
      <Filter>Source Files</Filter>
    </ClCompile>
    <ClCompile Include="RenderApp\Scene\SphereLight.cpp">
      <Filter>Source Files</Filter>
    </ClCompile>
    <ClCompile Include="platform\Stopwatch.cpp">
      <Filter>Source Files</Filter>
    </ClCompile>
    <ClCompile Include="ogl\Text.cpp">
      <Filter>Source Files</Filter>
    </ClCompile>
    <ClCompile Include="platform\Timestamp.cpp">
      <Filter>Source Files</Filter>
    </ClCompile>
    <ClCompile Include="RenderApp\Geometry\TranslatedMotion.cpp">
      <Filter>Source Files</Filter>
    </ClCompile>
    <ClCompile Include="SamplingApp\Warping\UniformCylinderWarping.cpp">
      <Filter>Source Files</Filter>
    </ClCompile>
    <ClCompile Include="SamplingApp\Warping\UniformDiskWarping.cpp">
      <Filter>Source Files</Filter>
    </ClCompile>
    <ClCompile Include="SamplingApp\Warping\UniformHemisphereWarping.cpp">
      <Filter>Source Files</Filter>
    </ClCompile>
    <ClCompile Include="SamplingApp\Sampler\UniformSampler.cpp">
      <Filter>Source Files</Filter>
    </ClCompile>
    <ClCompile Include="SamplingApp\Warping\UniformSphereCapWarping.cpp">
      <Filter>Source Files</Filter>
    </ClCompile>
    <ClCompile Include="RenderApp\Scene\UniformSphereLight.cpp">
      <Filter>Source Files</Filter>
    </ClCompile>
    <ClCompile Include="SamplingApp\Warping\UniformSphereWarping.cpp">
      <Filter>Source Files</Filter>
    </ClCompile>
    <ClCompile Include="SamplingApp\Warping\UniformSquareWarping.cpp">
      <Filter>Source Files</Filter>
    </ClCompile>
    <ClCompile Include="RenderApp\main.cpp">
      <Filter>Source Files</Filter>
    </ClCompile>
  </ItemGroup>
  <ItemGroup>
    <None Include="ClassDiagram1.cd" />
    <None Include="dependencies\windows\lib32\debug\freeglut.dll" />
    <None Include="dependencies\windows\lib32\debug\glew32d.dll" />
    <None Include="dependencies\windows\lib32\release\freeglut.dll" />
    <None Include="dependencies\windows\lib32\release\glew32.dll" />
  </ItemGroup>
</Project>