<?xml version="1.0" encoding="utf-8"?>
<Project ToolsVersion="4.0" xmlns="http://schemas.microsoft.com/developer/msbuild/2003">
  <ItemGroup>
    <Filter Include="Header Files">
      <UniqueIdentifier>{93995380-89BD-4b04-88EB-625FBE52EBFB}</UniqueIdentifier>
      <Extensions>h;hpp;hxx;hm;inl;inc;xsd</Extensions>
    </Filter>
    <Filter Include="Resource Files">
      <UniqueIdentifier>{67DA6AB6-F800-4c08-8B7A-83BB121AAD01}</UniqueIdentifier>
      <Extensions>rc;ico;cur;bmp;dlg;rc2;rct;bin;rgs;gif;jpg;jpeg;jpe;resx</Extensions>
    </Filter>
    <Filter Include="Source Files">
      <UniqueIdentifier>{4FC737F1-C7A5-4376-A066-2A32D752A2FF}</UniqueIdentifier>
      <Extensions>cpp;c;cc;cxx;def;odl;idl;hpj;bat;asm;asmx</Extensions>
    </Filter>
    <Filter Include="Sampling">
      <UniqueIdentifier>{95643405-cce0-4db1-bf2a-f2feadee81c7}</UniqueIdentifier>
    </Filter>
    <Filter Include="Sampling\Sampler">
      <UniqueIdentifier>{b92bdb50-a481-451c-b7a8-45c1f6b2224a}</UniqueIdentifier>
    </Filter>
    <Filter Include="Sampling\Warping">
      <UniqueIdentifier>{d550a073-493d-4ba9-8529-cb0d2432ea36}</UniqueIdentifier>
    </Filter>
    <Filter Include="Math">
      <UniqueIdentifier>{68c0d12b-0644-45f3-af6c-ac7dae313a1c}</UniqueIdentifier>
    </Filter>
    <Filter Include="OpenGL">
      <UniqueIdentifier>{f82dd927-62dc-4548-ac63-1c5899388c45}</UniqueIdentifier>
    </Filter>
    <Filter Include="Application">
      <UniqueIdentifier>{26e56417-51c5-42e6-8d33-e33ed4e49e1d}</UniqueIdentifier>
    </Filter>
  </ItemGroup>
  <ItemGroup>
    <ClInclude Include="platform\config.h">
      <Filter>Header Files</Filter>
    </ClInclude>
    <ClInclude Include="platform\Types.h">
      <Filter>Header Files</Filter>
    </ClInclude>
    <ClInclude Include="platform\Fwd.h">
      <Filter>Header Files</Filter>
    </ClInclude>
    <ClInclude Include="Sampling\Warping\BrushedMetalWarping.h">
      <Filter>Sampling\Warping</Filter>
    </ClInclude>
    <ClInclude Include="Sampling\Warping\CosineHemisphereWarping.h">
      <Filter>Sampling\Warping</Filter>
    </ClInclude>
    <ClInclude Include="Sampling\Warping\PhongHemisphereWarping.h">
      <Filter>Sampling\Warping</Filter>
    </ClInclude>
    <ClInclude Include="Sampling\Sampler\JitterSampler.h">
      <Filter>Sampling\Sampler</Filter>
    </ClInclude>
    <ClInclude Include="Sampling\Sampler\RandomSampler.h">
      <Filter>Sampling\Sampler</Filter>
    </ClInclude>
    <ClInclude Include="Sampling\Sampler\Sampler.h">
      <Filter>Sampling\Sampler</Filter>
    </ClInclude>
    <ClInclude Include="Sampling\Warping\UniformCylinderWarping.h">
      <Filter>Sampling\Warping</Filter>
    </ClInclude>
    <ClInclude Include="Sampling\Warping\UniformDiskWarping.h">
      <Filter>Sampling\Warping</Filter>
    </ClInclude>
    <ClInclude Include="Sampling\Warping\UniformHemisphereWarping.h">
      <Filter>Sampling\Warping</Filter>
    </ClInclude>
    <ClInclude Include="Sampling\Sampler\UniformSampler.h">
      <Filter>Sampling\Sampler</Filter>
    </ClInclude>
    <ClInclude Include="Sampling\Warping\UniformSphereCapWarping.h">
      <Filter>Sampling\Warping</Filter>
    </ClInclude>
    <ClInclude Include="Sampling\Warping\UniformSphereWarping.h">
      <Filter>Sampling\Warping</Filter>
    </ClInclude>
    <ClInclude Include="Sampling\Warping\UniformSquareWarping.h">
      <Filter>Sampling\Warping</Filter>
    </ClInclude>
    <ClInclude Include="Sampling\Warping\Warping.h">
      <Filter>Sampling\Warping</Filter>
    </ClInclude>
    <ClInclude Include="math\Vec4.h">
      <Filter>Math</Filter>
    </ClInclude>
    <ClInclude Include="math\Vec2.h">
      <Filter>Math</Filter>
    </ClInclude>
    <ClInclude Include="math\Vec3.h">
      <Filter>Math</Filter>
    </ClInclude>
    <ClInclude Include="math\MathT.h">
      <Filter>Math</Filter>
    </ClInclude>
    <ClInclude Include="math\MathGL.h">
      <Filter>Math</Filter>
    </ClInclude>
    <ClInclude Include="math\LimitsT.h">
      <Filter>Math</Filter>
    </ClInclude>
    <ClInclude Include="Math\Rand.h">
      <Filter>Math</Filter>
    </ClInclude>
    <ClInclude Include="math\Fwd.h">
      <Filter>Math</Filter>
    </ClInclude>
    <ClInclude Include="math\Core.h">
      <Filter>Math</Filter>
    </ClInclude>
    <ClInclude Include="ogl\GLUTWindow.h">
      <Filter>OpenGL</Filter>
    </ClInclude>
    <ClInclude Include="ogl\GLUTMaster.h">
      <Filter>OpenGL</Filter>
    </ClInclude>
    <ClInclude Include="ogl\GfxGLUTWindow.h">
      <Filter>OpenGL</Filter>
    </ClInclude>
    <ClInclude Include="dependencies\windows\include\gl\glut.h">
      <Filter>OpenGL</Filter>
    </ClInclude>
    <ClInclude Include="dependencies\windows\include\gl\glew.h">
      <Filter>OpenGL</Filter>
    </ClInclude>
    <ClInclude Include="dependencies\windows\include\gl\freeglut_std.h">
      <Filter>OpenGL</Filter>
    </ClInclude>
    <ClInclude Include="dependencies\windows\include\gl\freeglut_ext.h">
      <Filter>OpenGL</Filter>
    </ClInclude>
    <ClInclude Include="dependencies\windows\include\gl\freeglut.h">
      <Filter>OpenGL</Filter>
    </ClInclude>
    <ClInclude Include="ogl\FBO.h">
      <Filter>OpenGL</Filter>
    </ClInclude>
    <ClInclude Include="SamplingApp\SamplingApp.h">
      <Filter>Application</Filter>
    </ClInclude>
    <ClInclude Include="Math\stdint.h">
      <Filter>Math</Filter>
    </ClInclude>
    <ClInclude Include="ogl\Text.h">
      <Filter>OpenGL</Filter>
    </ClInclude>
    <ClInclude Include="ogl\Primitive.h">
      <Filter>OpenGL</Filter>
    </ClInclude>
    <ClInclude Include="ogl\Core.h">
      <Filter>OpenGL</Filter>
    </ClInclude>
  </ItemGroup>
  <ItemGroup>
    <ClCompile Include="Sampling\Warping\BrushedMetalWarping.cpp">
      <Filter>Sampling\Warping</Filter>
    </ClCompile>
    <ClCompile Include="Sampling\Warping\CosineHemisphereWarping.cpp">
      <Filter>Sampling\Warping</Filter>
    </ClCompile>
    <ClCompile Include="Sampling\Warping\PhongHemisphereWarping.cpp">
      <Filter>Sampling\Warping</Filter>
    </ClCompile>
    <ClCompile Include="Sampling\Sampler\JitterSampler.cpp">
      <Filter>Sampling\Sampler</Filter>
    </ClCompile>
    <ClCompile Include="Sampling\Sampler\RandomSampler.cpp">
      <Filter>Sampling\Sampler</Filter>
    </ClCompile>
    <ClCompile Include="Sampling\Warping\UniformCylinderWarping.cpp">
      <Filter>Sampling\Warping</Filter>
    </ClCompile>
    <ClCompile Include="Sampling\Warping\UniformDiskWarping.cpp">
      <Filter>Sampling\Warping</Filter>
    </ClCompile>
    <ClCompile Include="Sampling\Warping\UniformHemisphereWarping.cpp">
      <Filter>Sampling\Warping</Filter>
    </ClCompile>
    <ClCompile Include="Sampling\Sampler\UniformSampler.cpp">
      <Filter>Sampling\Sampler</Filter>
    </ClCompile>
    <ClCompile Include="Sampling\Warping\UniformSphereCapWarping.cpp">
      <Filter>Sampling\Warping</Filter>
    </ClCompile>
    <ClCompile Include="Sampling\Warping\UniformSphereWarping.cpp">
      <Filter>Sampling\Warping</Filter>
    </ClCompile>
    <ClCompile Include="Sampling\Warping\UniformSquareWarping.cpp">
      <Filter>Sampling\Warping</Filter>
    </ClCompile>
    <ClCompile Include="ogl\GLUTMaster.cpp">
      <Filter>OpenGL</Filter>
    </ClCompile>
    <ClCompile Include="ogl\GLUTWindow.cpp">
      <Filter>OpenGL</Filter>
    </ClCompile>
    <ClCompile Include="ogl\GfxGLUTWindow.cpp">
      <Filter>OpenGL</Filter>
    </ClCompile>
    <ClCompile Include="ogl\FBO.cpp">
      <Filter>OpenGL</Filter>
    </ClCompile>
    <ClCompile Include="SamplingApp\main.cpp">
      <Filter>Application</Filter>
    </ClCompile>
    <ClCompile Include="SamplingApp\SamplingApp.cpp">
      <Filter>Application</Filter>
    </ClCompile>
    <ClCompile Include="ogl\Text.cpp">
      <Filter>OpenGL</Filter>
    </ClCompile>
    <ClCompile Include="ogl\Primitive.cpp">
      <Filter>OpenGL</Filter>
    </ClCompile>
  </ItemGroup>
</Project>