<?xml version="1.0" encoding="utf-8"?>
<Project ToolsVersion="4.0" xmlns="http://schemas.microsoft.com/developer/msbuild/2003">
  <ItemGroup>
    <Filter Include="Header Files">
      <UniqueIdentifier>{93995380-89BD-4b04-88EB-625FBE52EBFB}</UniqueIdentifier>
      <Extensions>h;hpp;hxx;hm;inl;inc;xsd</Extensions>
    </Filter>
    <Filter Include="Resource Files">
      <UniqueIdentifier>{67DA6AB6-F800-4c08-8B7A-83BB121AAD01}</UniqueIdentifier>
      <Extensions>rc;ico;cur;bmp;dlg;rc2;rct;bin;rgs;gif;jpg;jpeg;jpe;resx</Extensions>
    </Filter>
    <Filter Include="Source Files">
      <UniqueIdentifier>{4FC737F1-C7A5-4376-A066-2A32D752A2FF}</UniqueIdentifier>
      <Extensions>cpp;c;cc;cxx;def;odl;idl;hpj;bat;asm;asmx</Extensions>
    </Filter>
  </ItemGroup>
  <ItemGroup>
    <ClInclude Include="SamplingApp\Warping\BrushedMetalWarping.h">
      <Filter>Header Files</Filter>
    </ClInclude>
    <ClInclude Include="platform\config.h">
      <Filter>Header Files</Filter>
    </ClInclude>
    <ClInclude Include="ogl\Core.h">
      <Filter>Header Files</Filter>
    </ClInclude>
    <ClInclude Include="SamplingApp\Warping\CosineHemisphereWarping.h">
      <Filter>Header Files</Filter>
    </ClInclude>
    <ClInclude Include="ogl\FBO.h">
      <Filter>Header Files</Filter>
    </ClInclude>
    <ClInclude Include="dependencies\windows\include\gl\freeglut.h">
      <Filter>Header Files</Filter>
    </ClInclude>
    <ClInclude Include="dependencies\windows\include\gl\freeglut_ext.h">
      <Filter>Header Files</Filter>
    </ClInclude>
    <ClInclude Include="dependencies\windows\include\gl\freeglut_std.h">
      <Filter>Header Files</Filter>
    </ClInclude>
    <ClInclude Include="math\Fwd.h">
      <Filter>Header Files</Filter>
    </ClInclude>
    <ClInclude Include="ogl\GfxGLUTWindow.h">
      <Filter>Header Files</Filter>
    </ClInclude>
    <ClInclude Include="dependencies\windows\include\gl\glew.h">
      <Filter>Header Files</Filter>
    </ClInclude>
    <ClInclude Include="dependencies\windows\include\gl\glut.h">
      <Filter>Header Files</Filter>
    </ClInclude>
    <ClInclude Include="ogl\GLUTMaster.h">
      <Filter>Header Files</Filter>
    </ClInclude>
    <ClInclude Include="ogl\GLUTWindow.h">
      <Filter>Header Files</Filter>
    </ClInclude>
    <ClInclude Include="SamplingApp\Sampler\JitterSampler.h">
      <Filter>Header Files</Filter>
    </ClInclude>
    <ClInclude Include="math\LimitsT.h">
      <Filter>Header Files</Filter>
    </ClInclude>
    <ClInclude Include="math\MathGL.h">
      <Filter>Header Files</Filter>
    </ClInclude>
    <ClInclude Include="math\MathT.h">
      <Filter>Header Files</Filter>
    </ClInclude>
    <ClInclude Include="SamplingApp\Warping\PhongHemisphereWarping.h">
      <Filter>Header Files</Filter>
    </ClInclude>
    <ClInclude Include="ogl\Primitive.h">
      <Filter>Header Files</Filter>
    </ClInclude>
    <ClInclude Include="Math\Rand.h">
      <Filter>Header Files</Filter>
    </ClInclude>
    <ClInclude Include="SamplingApp\Sampler\RandomSampler.h">
      <Filter>Header Files</Filter>
    </ClInclude>
    <ClInclude Include="SamplingApp\Sampler\Sampler.h">
      <Filter>Header Files</Filter>
    </ClInclude>
    <ClInclude Include="SamplingApp\SamplingApp.h">
      <Filter>Header Files</Filter>
    </ClInclude>
    <ClInclude Include="Math\stdint.h">
      <Filter>Header Files</Filter>
    </ClInclude>
    <ClInclude Include="ogl\Text.h">
      <Filter>Header Files</Filter>
    </ClInclude>
    <ClInclude Include="platform\Types.h">
      <Filter>Header Files</Filter>
    </ClInclude>
    <ClInclude Include="SamplingApp\Warping\UniformCylinderWarping.h">
      <Filter>Header Files</Filter>
    </ClInclude>
    <ClInclude Include="SamplingApp\Warping\UniformDiskWarping.h">
      <Filter>Header Files</Filter>
    </ClInclude>
    <ClInclude Include="SamplingApp\Warping\UniformHemisphereWarping.h">
      <Filter>Header Files</Filter>
    </ClInclude>
    <ClInclude Include="SamplingApp\Sampler\UniformSampler.h">
      <Filter>Header Files</Filter>
    </ClInclude>
    <ClInclude Include="SamplingApp\Warping\UniformSphereCapWarping.h">
      <Filter>Header Files</Filter>
    </ClInclude>
    <ClInclude Include="SamplingApp\Warping\UniformSphereWarping.h">
      <Filter>Header Files</Filter>
    </ClInclude>
    <ClInclude Include="SamplingApp\Warping\UniformSquareWarping.h">
      <Filter>Header Files</Filter>
    </ClInclude>
    <ClInclude Include="math\Vec2.h">
      <Filter>Header Files</Filter>
    </ClInclude>
    <ClInclude Include="math\Vec3.h">
      <Filter>Header Files</Filter>
    </ClInclude>
    <ClInclude Include="math\Vec4.h">
      <Filter>Header Files</Filter>
    </ClInclude>
    <ClInclude Include="SamplingApp\Warping\Warping.h">
      <Filter>Header Files</Filter>
    </ClInclude>
    <ClInclude Include="math\Core.h">
      <Filter>Header Files</Filter>
    </ClInclude>
    <ClInclude Include="platform\Fwd.h">
      <Filter>Header Files</Filter>
    </ClInclude>
  </ItemGroup>
  <ItemGroup>
    <ClCompile Include="SamplingApp\Warping\BrushedMetalWarping.cpp">
      <Filter>Source Files</Filter>
    </ClCompile>
    <ClCompile Include="SamplingApp\Warping\CosineHemisphereWarping.cpp">
      <Filter>Source Files</Filter>
    </ClCompile>
    <ClCompile Include="ogl\FBO.cpp">
      <Filter>Source Files</Filter>
    </ClCompile>
    <ClCompile Include="ogl\GfxGLUTWindow.cpp">
      <Filter>Source Files</Filter>
    </ClCompile>
    <ClCompile Include="ogl\GLUTMaster.cpp">
      <Filter>Source Files</Filter>
    </ClCompile>
    <ClCompile Include="ogl\GLUTWindow.cpp">
      <Filter>Source Files</Filter>
    </ClCompile>
    <ClCompile Include="SamplingApp\Sampler\JitterSampler.cpp">
      <Filter>Source Files</Filter>
    </ClCompile>
    <ClCompile Include="MeshViewer\MeshViewer.cpp">
      <Filter>Source Files</Filter>
    </ClCompile>
    <ClCompile Include="SamplingApp\Warping\PhongHemisphereWarping.cpp">
      <Filter>Source Files</Filter>
    </ClCompile>
    <ClCompile Include="ogl\Primitive.cpp">
      <Filter>Source Files</Filter>
    </ClCompile>
    <ClCompile Include="SamplingApp\Sampler\RandomSampler.cpp">
      <Filter>Source Files</Filter>
    </ClCompile>
    <ClCompile Include="SamplingApp\SamplingApp.cpp">
      <Filter>Source Files</Filter>
    </ClCompile>
    <ClCompile Include="ogl\Text.cpp">
      <Filter>Source Files</Filter>
    </ClCompile>
    <ClCompile Include="SamplingApp\Warping\UniformCylinderWarping.cpp">
      <Filter>Source Files</Filter>
    </ClCompile>
    <ClCompile Include="SamplingApp\Warping\UniformDiskWarping.cpp">
      <Filter>Source Files</Filter>
    </ClCompile>
    <ClCompile Include="SamplingApp\Warping\UniformHemisphereWarping.cpp">
      <Filter>Source Files</Filter>
    </ClCompile>
    <ClCompile Include="SamplingApp\Sampler\UniformSampler.cpp">
      <Filter>Source Files</Filter>
    </ClCompile>
    <ClCompile Include="SamplingApp\Warping\UniformSphereCapWarping.cpp">
      <Filter>Source Files</Filter>
    </ClCompile>
    <ClCompile Include="SamplingApp\Warping\UniformSphereWarping.cpp">
      <Filter>Source Files</Filter>
    </ClCompile>
    <ClCompile Include="SamplingApp\Warping\UniformSquareWarping.cpp">
      <Filter>Source Files</Filter>
    </ClCompile>
    <ClCompile Include="SamplingApp\main.cpp">
      <Filter>Source Files</Filter>
    </ClCompile>
  </ItemGroup>
  <ItemGroup>
    <None Include="ClassDiagram1.cd" />
    <None Include="ClassDiagram.cd" />
  </ItemGroup>
</Project>